// !$*UTF8*$!
{
	archiveVersion = 1;
	classes = {
	};
	objectVersion = 56;
	objects = {

/* Begin PBXBuildFile section */
		9B39115C2B3025D600D37A5F /* CryptoAppApp.swift in Sources */ = {isa = PBXBuildFile; fileRef = 9B39115B2B3025D600D37A5F /* CryptoAppApp.swift */; };
		9B39115E2B3025D600D37A5F /* ContentView.swift in Sources */ = {isa = PBXBuildFile; fileRef = 9B39115D2B3025D600D37A5F /* ContentView.swift */; };
		9B3911602B3025D900D37A5F /* Assets.xcassets in Resources */ = {isa = PBXBuildFile; fileRef = 9B39115F2B3025D900D37A5F /* Assets.xcassets */; };
		9B3911632B3025D900D37A5F /* Preview Assets.xcassets in Resources */ = {isa = PBXBuildFile; fileRef = 9B3911622B3025D900D37A5F /* Preview Assets.xcassets */; };
		9B39116B2B302CB900D37A5F /* Color.swift in Sources */ = {isa = PBXBuildFile; fileRef = 9B39116A2B302CB900D37A5F /* Color.swift */; };
		9B39117A2B304BB100D37A5F /* CoinModel.swift in Sources */ = {isa = PBXBuildFile; fileRef = 9B3911792B304BB100D37A5F /* CoinModel.swift */; };
		9B39117E2B30893600D37A5F /* PreviewProvider.swift in Sources */ = {isa = PBXBuildFile; fileRef = 9B39117D2B30893600D37A5F /* PreviewProvider.swift */; };
		9B3911802B308E3D00D37A5F /* Double.swift in Sources */ = {isa = PBXBuildFile; fileRef = 9B39117F2B308E3D00D37A5F /* Double.swift */; };
		9B5B9DC82B450E0C0045867B /* UIApplication.swift in Sources */ = {isa = PBXBuildFile; fileRef = 9B5B9DC72B450E0C0045867B /* UIApplication.swift */; };
		9B5B9DCC2B450E220045867B /* SparklineIn7D.swift in Sources */ = {isa = PBXBuildFile; fileRef = 9B5B9DC92B450E220045867B /* SparklineIn7D.swift */; };
		9B5B9DCD2B450E220045867B /* StatisticModel.swift in Sources */ = {isa = PBXBuildFile; fileRef = 9B5B9DCA2B450E220045867B /* StatisticModel.swift */; };
		9B5B9DCE2B450E220045867B /* MarketDataModel.swift in Sources */ = {isa = PBXBuildFile; fileRef = 9B5B9DCB2B450E220045867B /* MarketDataModel.swift */; };
		9B5B9DDF2B450FA40045867B /* LocalFileManager.swift in Sources */ = {isa = PBXBuildFile; fileRef = 9B5B9DDD2B450FA40045867B /* LocalFileManager.swift */; };
		9B5B9DE02B450FA40045867B /* ServiceManager.swift in Sources */ = {isa = PBXBuildFile; fileRef = 9B5B9DDE2B450FA40045867B /* ServiceManager.swift */; };
		9B5B9DEC2B4511360045867B /* SearchBarView.swift in Sources */ = {isa = PBXBuildFile; fileRef = 9B5B9DEB2B4511360045867B /* SearchBarView.swift */; };
		9B5B9DEE2B45114C0045867B /* StatisticView.swift in Sources */ = {isa = PBXBuildFile; fileRef = 9B5B9DED2B45114C0045867B /* StatisticView.swift */; };
		9B5B9DF32B4511580045867B /* CoinImageView.swift in Sources */ = {isa = PBXBuildFile; fileRef = 9B5B9DF02B4511580045867B /* CoinImageView.swift */; };
		9B5B9DF42B4511580045867B /* CoinImageViewModel.swift in Sources */ = {isa = PBXBuildFile; fileRef = 9B5B9DF22B4511580045867B /* CoinImageViewModel.swift */; };
		9B5B9DF82B4511680045867B /* CircleButtonView.swift in Sources */ = {isa = PBXBuildFile; fileRef = 9B5B9DF62B4511680045867B /* CircleButtonView.swift */; };
		9B5B9DF92B4511680045867B /* CircleButtonAnimationView.swift in Sources */ = {isa = PBXBuildFile; fileRef = 9B5B9DF72B4511680045867B /* CircleButtonAnimationView.swift */; };
		9B5B9E082B4511AB0045867B /* CoinDataService.swift in Sources */ = {isa = PBXBuildFile; fileRef = 9B5B9E052B4511AB0045867B /* CoinDataService.swift */; };
		9B5B9E092B4511AB0045867B /* CoinImageService.swift in Sources */ = {isa = PBXBuildFile; fileRef = 9B5B9E062B4511AB0045867B /* CoinImageService.swift */; };
		9B5B9E0A2B4511AB0045867B /* MarketDataService.swift in Sources */ = {isa = PBXBuildFile; fileRef = 9B5B9E072B4511AB0045867B /* MarketDataService.swift */; };
		9B5B9E0F2B451BA20045867B /* XMarkButton.swift in Sources */ = {isa = PBXBuildFile; fileRef = 9B5B9E0E2B451BA20045867B /* XMarkButton.swift */; };
		9B5B9E112B4561BF0045867B /* CoinLogoView.swift in Sources */ = {isa = PBXBuildFile; fileRef = 9B5B9E102B4561BE0045867B /* CoinLogoView.swift */; };
		9BB61FAE2B46F498006A274E /* HomeView.swift in Sources */ = {isa = PBXBuildFile; fileRef = 9BB61FAC2B46F497006A274E /* HomeView.swift */; };
		9BB61FAF2B46F498006A274E /* CoinRowView.swift in Sources */ = {isa = PBXBuildFile; fileRef = 9BB61FAD2B46F497006A274E /* CoinRowView.swift */; };
		9BB61FB22B46F4A4006A274E /* HomeViewModel.swift in Sources */ = {isa = PBXBuildFile; fileRef = 9BB61FB12B46F4A3006A274E /* HomeViewModel.swift */; };
		9BB61FB42B46F9CB006A274E /* HomeStatsView.swift in Sources */ = {isa = PBXBuildFile; fileRef = 9BB61FB32B46F9CB006A274E /* HomeStatsView.swift */; };
		9BB61FB62B46FCD4006A274E /* PortfolioView.swift in Sources */ = {isa = PBXBuildFile; fileRef = 9BB61FB52B46FCD4006A274E /* PortfolioView.swift */; };
		9BB61FB82B4702D4006A274E /* PortfolioViewModel.swift in Sources */ = {isa = PBXBuildFile; fileRef = 9BB61FB72B4702D4006A274E /* PortfolioViewModel.swift */; };
/* End PBXBuildFile section */

/* Begin PBXFileReference section */
		9B3911582B3025D600D37A5F /* CryptoApp.app */ = {isa = PBXFileReference; explicitFileType = wrapper.application; includeInIndex = 0; path = CryptoApp.app; sourceTree = BUILT_PRODUCTS_DIR; };
		9B39115B2B3025D600D37A5F /* CryptoAppApp.swift */ = {isa = PBXFileReference; lastKnownFileType = sourcecode.swift; path = CryptoAppApp.swift; sourceTree = "<group>"; };
		9B39115D2B3025D600D37A5F /* ContentView.swift */ = {isa = PBXFileReference; lastKnownFileType = sourcecode.swift; path = ContentView.swift; sourceTree = "<group>"; };
		9B39115F2B3025D900D37A5F /* Assets.xcassets */ = {isa = PBXFileReference; lastKnownFileType = folder.assetcatalog; path = Assets.xcassets; sourceTree = "<group>"; };
		9B3911622B3025D900D37A5F /* Preview Assets.xcassets */ = {isa = PBXFileReference; lastKnownFileType = folder.assetcatalog; path = "Preview Assets.xcassets"; sourceTree = "<group>"; };
		9B39116A2B302CB900D37A5F /* Color.swift */ = {isa = PBXFileReference; lastKnownFileType = sourcecode.swift; path = Color.swift; sourceTree = "<group>"; };
		9B3911792B304BB100D37A5F /* CoinModel.swift */ = {isa = PBXFileReference; lastKnownFileType = sourcecode.swift; path = CoinModel.swift; sourceTree = "<group>"; };
		9B39117D2B30893600D37A5F /* PreviewProvider.swift */ = {isa = PBXFileReference; lastKnownFileType = sourcecode.swift; path = PreviewProvider.swift; sourceTree = "<group>"; };
		9B39117F2B308E3D00D37A5F /* Double.swift */ = {isa = PBXFileReference; lastKnownFileType = sourcecode.swift; path = Double.swift; sourceTree = "<group>"; };
		9B5B9DC72B450E0C0045867B /* UIApplication.swift */ = {isa = PBXFileReference; fileEncoding = 4; lastKnownFileType = sourcecode.swift; path = UIApplication.swift; sourceTree = "<group>"; };
		9B5B9DC92B450E220045867B /* SparklineIn7D.swift */ = {isa = PBXFileReference; fileEncoding = 4; lastKnownFileType = sourcecode.swift; path = SparklineIn7D.swift; sourceTree = "<group>"; };
		9B5B9DCA2B450E220045867B /* StatisticModel.swift */ = {isa = PBXFileReference; fileEncoding = 4; lastKnownFileType = sourcecode.swift; path = StatisticModel.swift; sourceTree = "<group>"; };
		9B5B9DCB2B450E220045867B /* MarketDataModel.swift */ = {isa = PBXFileReference; fileEncoding = 4; lastKnownFileType = sourcecode.swift; path = MarketDataModel.swift; sourceTree = "<group>"; };
		9B5B9DDD2B450FA40045867B /* LocalFileManager.swift */ = {isa = PBXFileReference; fileEncoding = 4; lastKnownFileType = sourcecode.swift; path = LocalFileManager.swift; sourceTree = "<group>"; };
		9B5B9DDE2B450FA40045867B /* ServiceManager.swift */ = {isa = PBXFileReference; fileEncoding = 4; lastKnownFileType = sourcecode.swift; path = ServiceManager.swift; sourceTree = "<group>"; };
		9B5B9DEB2B4511360045867B /* SearchBarView.swift */ = {isa = PBXFileReference; fileEncoding = 4; lastKnownFileType = sourcecode.swift; path = SearchBarView.swift; sourceTree = "<group>"; };
		9B5B9DED2B45114C0045867B /* StatisticView.swift */ = {isa = PBXFileReference; fileEncoding = 4; lastKnownFileType = sourcecode.swift; path = StatisticView.swift; sourceTree = "<group>"; };
		9B5B9DF02B4511580045867B /* CoinImageView.swift */ = {isa = PBXFileReference; fileEncoding = 4; lastKnownFileType = sourcecode.swift; path = CoinImageView.swift; sourceTree = "<group>"; };
		9B5B9DF22B4511580045867B /* CoinImageViewModel.swift */ = {isa = PBXFileReference; fileEncoding = 4; lastKnownFileType = sourcecode.swift; path = CoinImageViewModel.swift; sourceTree = "<group>"; };
		9B5B9DF62B4511680045867B /* CircleButtonView.swift */ = {isa = PBXFileReference; fileEncoding = 4; lastKnownFileType = sourcecode.swift; path = CircleButtonView.swift; sourceTree = "<group>"; };
		9B5B9DF72B4511680045867B /* CircleButtonAnimationView.swift */ = {isa = PBXFileReference; fileEncoding = 4; lastKnownFileType = sourcecode.swift; path = CircleButtonAnimationView.swift; sourceTree = "<group>"; };
		9B5B9E052B4511AB0045867B /* CoinDataService.swift */ = {isa = PBXFileReference; fileEncoding = 4; lastKnownFileType = sourcecode.swift; path = CoinDataService.swift; sourceTree = "<group>"; };
		9B5B9E062B4511AB0045867B /* CoinImageService.swift */ = {isa = PBXFileReference; fileEncoding = 4; lastKnownFileType = sourcecode.swift; path = CoinImageService.swift; sourceTree = "<group>"; };
		9B5B9E072B4511AB0045867B /* MarketDataService.swift */ = {isa = PBXFileReference; fileEncoding = 4; lastKnownFileType = sourcecode.swift; path = MarketDataService.swift; sourceTree = "<group>"; };
		9B5B9E0E2B451BA20045867B /* XMarkButton.swift */ = {isa = PBXFileReference; lastKnownFileType = sourcecode.swift; path = XMarkButton.swift; sourceTree = "<group>"; };
		9B5B9E102B4561BE0045867B /* CoinLogoView.swift */ = {isa = PBXFileReference; lastKnownFileType = sourcecode.swift; path = CoinLogoView.swift; sourceTree = "<group>"; };
		9BB61FAC2B46F497006A274E /* HomeView.swift */ = {isa = PBXFileReference; fileEncoding = 4; lastKnownFileType = sourcecode.swift; path = HomeView.swift; sourceTree = "<group>"; };
		9BB61FAD2B46F497006A274E /* CoinRowView.swift */ = {isa = PBXFileReference; fileEncoding = 4; lastKnownFileType = sourcecode.swift; path = CoinRowView.swift; sourceTree = "<group>"; };
		9BB61FB12B46F4A3006A274E /* HomeViewModel.swift */ = {isa = PBXFileReference; fileEncoding = 4; lastKnownFileType = sourcecode.swift; path = HomeViewModel.swift; sourceTree = "<group>"; };
		9BB61FB32B46F9CB006A274E /* HomeStatsView.swift */ = {isa = PBXFileReference; lastKnownFileType = sourcecode.swift; path = HomeStatsView.swift; sourceTree = "<group>"; };
		9BB61FB52B46FCD4006A274E /* PortfolioView.swift */ = {isa = PBXFileReference; lastKnownFileType = sourcecode.swift; path = PortfolioView.swift; sourceTree = "<group>"; };
		9BB61FB72B4702D4006A274E /* PortfolioViewModel.swift */ = {isa = PBXFileReference; lastKnownFileType = sourcecode.swift; path = PortfolioViewModel.swift; sourceTree = "<group>"; };
/* End PBXFileReference section */

/* Begin PBXFrameworksBuildPhase section */
		9B3911552B3025D600D37A5F /* Frameworks */ = {
			isa = PBXFrameworksBuildPhase;
			buildActionMask = 2147483647;
			files = (
			);
			runOnlyForDeploymentPostprocessing = 0;
		};
/* End PBXFrameworksBuildPhase section */

/* Begin PBXGroup section */
		9B39114F2B3025D600D37A5F = {
			isa = PBXGroup;
			children = (
				9B39115A2B3025D600D37A5F /* CryptoApp */,
				9B3911592B3025D600D37A5F /* Products */,
			);
			sourceTree = "<group>";
		};
		9B3911592B3025D600D37A5F /* Products */ = {
			isa = PBXGroup;
			children = (
				9B3911582B3025D600D37A5F /* CryptoApp.app */,
			);
			name = Products;
			sourceTree = "<group>";
		};
		9B39115A2B3025D600D37A5F /* CryptoApp */ = {
			isa = PBXGroup;
			children = (
				9B5B9DDC2B450F790045867B /* Utilities */,
				9B39115B2B3025D600D37A5F /* CryptoAppApp.swift */,
				9B39115D2B3025D600D37A5F /* ContentView.swift */,
				9B5B9E042B4511AB0045867B /* Services */,
				9B3911692B302CA900D37A5F /* Extentions */,
				9B3911782B304B8900D37A5F /* Models */,
				9B39116C2B302F6500D37A5F /* Core */,
				9B39115F2B3025D900D37A5F /* Assets.xcassets */,
				9B3911612B3025D900D37A5F /* Preview Content */,
			);
			path = CryptoApp;
			sourceTree = "<group>";
		};
		9B3911612B3025D900D37A5F /* Preview Content */ = {
			isa = PBXGroup;
			children = (
				9B3911622B3025D900D37A5F /* Preview Assets.xcassets */,
			);
			path = "Preview Content";
			sourceTree = "<group>";
		};
		9B3911692B302CA900D37A5F /* Extentions */ = {
			isa = PBXGroup;
			children = (
				9B39117F2B308E3D00D37A5F /* Double.swift */,
				9B39116A2B302CB900D37A5F /* Color.swift */,
				9B39117D2B30893600D37A5F /* PreviewProvider.swift */,
				9B5B9DC72B450E0C0045867B /* UIApplication.swift */,
			);
			path = Extentions;
			sourceTree = "<group>";
		};
		9B39116C2B302F6500D37A5F /* Core */ = {
			isa = PBXGroup;
			children = (
				9B3911722B3031F100D37A5F /* Components */,
				9B39116D2B302F6B00D37A5F /* Home */,
			);
			path = Core;
			sourceTree = "<group>";
		};
		9B39116D2B302F6B00D37A5F /* Home */ = {
			isa = PBXGroup;
			children = (
				9BB61FB02B46F4A3006A274E /* ViewModels */,
				9BB61FAB2B46F497006A274E /* Views */,
			);
			path = Home;
			sourceTree = "<group>";
		};
		9B3911722B3031F100D37A5F /* Components */ = {
			isa = PBXGroup;
			children = (
				9B5B9E0D2B451B8B0045867B /* Buttons */,
				9B5B9DEA2B4510F60045867B /* Statistic */,
				9B5B9DE92B4510EF0045867B /* SearchBar */,
				9B5B9DE82B4510CF0045867B /* CoinImage */,
				9B3911732B30321B00D37A5F /* CircleButton */,
			);
			path = Components;
			sourceTree = "<group>";
		};
		9B3911732B30321B00D37A5F /* CircleButton */ = {
			isa = PBXGroup;
			children = (
				9B5B9DF52B4511670045867B /* Views */,
			);
			path = CircleButton;
			sourceTree = "<group>";
		};
		9B3911782B304B8900D37A5F /* Models */ = {
			isa = PBXGroup;
			children = (
				9B3911792B304BB100D37A5F /* CoinModel.swift */,
				9B5B9DCB2B450E220045867B /* MarketDataModel.swift */,
				9B5B9DC92B450E220045867B /* SparklineIn7D.swift */,
				9B5B9DCA2B450E220045867B /* StatisticModel.swift */,
			);
			path = Models;
			sourceTree = "<group>";
		};
		9B5B9DDC2B450F790045867B /* Utilities */ = {
			isa = PBXGroup;
			children = (
				9B5B9DDD2B450FA40045867B /* LocalFileManager.swift */,
				9B5B9DDE2B450FA40045867B /* ServiceManager.swift */,
			);
			path = Utilities;
			sourceTree = "<group>";
		};
		9B5B9DE82B4510CF0045867B /* CoinImage */ = {
			isa = PBXGroup;
			children = (
				9B5B9DF12B4511580045867B /* ViewModels */,
				9B5B9DEF2B4511580045867B /* Views */,
			);
			path = CoinImage;
			sourceTree = "<group>";
		};
		9B5B9DE92B4510EF0045867B /* SearchBar */ = {
			isa = PBXGroup;
			children = (
				9B5B9DEB2B4511360045867B /* SearchBarView.swift */,
			);
			path = SearchBar;
			sourceTree = "<group>";
		};
		9B5B9DEA2B4510F60045867B /* Statistic */ = {
			isa = PBXGroup;
			children = (
				9B5B9DED2B45114C0045867B /* StatisticView.swift */,
			);
			path = Statistic;
			sourceTree = "<group>";
		};
		9B5B9DEF2B4511580045867B /* Views */ = {
			isa = PBXGroup;
			children = (
				9B5B9DF02B4511580045867B /* CoinImageView.swift */,
				9B5B9E102B4561BE0045867B /* CoinLogoView.swift */,
			);
			path = Views;
			sourceTree = "<group>";
		};
		9B5B9DF12B4511580045867B /* ViewModels */ = {
			isa = PBXGroup;
			children = (
				9B5B9DF22B4511580045867B /* CoinImageViewModel.swift */,
			);
			path = ViewModels;
			sourceTree = "<group>";
		};
		9B5B9DF52B4511670045867B /* Views */ = {
			isa = PBXGroup;
			children = (
				9B5B9DF62B4511680045867B /* CircleButtonView.swift */,
				9B5B9DF72B4511680045867B /* CircleButtonAnimationView.swift */,
			);
			path = Views;
			sourceTree = "<group>";
		};
		9B5B9E042B4511AB0045867B /* Services */ = {
			isa = PBXGroup;
			children = (
				9B5B9E052B4511AB0045867B /* CoinDataService.swift */,
				9B5B9E062B4511AB0045867B /* CoinImageService.swift */,
				9B5B9E072B4511AB0045867B /* MarketDataService.swift */,
			);
			path = Services;
			sourceTree = "<group>";
		};
		9B5B9E0D2B451B8B0045867B /* Buttons */ = {
			isa = PBXGroup;
			children = (
				9B5B9E0E2B451BA20045867B /* XMarkButton.swift */,
			);
			path = Buttons;
			sourceTree = "<group>";
		};
		9BB61FAB2B46F497006A274E /* Views */ = {
			isa = PBXGroup;
			children = (
				9BB61FAC2B46F497006A274E /* HomeView.swift */,
				9BB61FAD2B46F497006A274E /* CoinRowView.swift */,
				9BB61FB32B46F9CB006A274E /* HomeStatsView.swift */,
				9BB61FB52B46FCD4006A274E /* PortfolioView.swift */,
			);
			path = Views;
			sourceTree = "<group>";
		};
		9BB61FB02B46F4A3006A274E /* ViewModels */ = {
			isa = PBXGroup;
			children = (
				9BB61FB12B46F4A3006A274E /* HomeViewModel.swift */,
				9BB61FB72B4702D4006A274E /* PortfolioViewModel.swift */,
			);
			path = ViewModels;
			sourceTree = "<group>";
		};
/* End PBXGroup section */

/* Begin PBXNativeTarget section */
		9B3911572B3025D600D37A5F /* CryptoApp */ = {
			isa = PBXNativeTarget;
			buildConfigurationList = 9B3911662B3025D900D37A5F /* Build configuration list for PBXNativeTarget "CryptoApp" */;
			buildPhases = (
				9B3911542B3025D600D37A5F /* Sources */,
				9B3911552B3025D600D37A5F /* Frameworks */,
				9B3911562B3025D600D37A5F /* Resources */,
			);
			buildRules = (
			);
			dependencies = (
			);
			name = CryptoApp;
			productName = CryptoApp;
			productReference = 9B3911582B3025D600D37A5F /* CryptoApp.app */;
			productType = "com.apple.product-type.application";
		};
/* End PBXNativeTarget section */

/* Begin PBXProject section */
		9B3911502B3025D600D37A5F /* Project object */ = {
			isa = PBXProject;
			attributes = {
				BuildIndependentTargetsInParallel = 1;
				LastSwiftUpdateCheck = 1500;
				LastUpgradeCheck = 1500;
				TargetAttributes = {
					9B3911572B3025D600D37A5F = {
						CreatedOnToolsVersion = 15.0;
					};
				};
			};
			buildConfigurationList = 9B3911532B3025D600D37A5F /* Build configuration list for PBXProject "CryptoApp" */;
			compatibilityVersion = "Xcode 14.0";
			developmentRegion = en;
			hasScannedForEncodings = 0;
			knownRegions = (
				en,
				Base,
			);
			mainGroup = 9B39114F2B3025D600D37A5F;
			productRefGroup = 9B3911592B3025D600D37A5F /* Products */;
			projectDirPath = "";
			projectRoot = "";
			targets = (
				9B3911572B3025D600D37A5F /* CryptoApp */,
			);
		};
/* End PBXProject section */

/* Begin PBXResourcesBuildPhase section */
		9B3911562B3025D600D37A5F /* Resources */ = {
			isa = PBXResourcesBuildPhase;
			buildActionMask = 2147483647;
			files = (
				9B3911632B3025D900D37A5F /* Preview Assets.xcassets in Resources */,
				9B3911602B3025D900D37A5F /* Assets.xcassets in Resources */,
			);
			runOnlyForDeploymentPostprocessing = 0;
		};
/* End PBXResourcesBuildPhase section */

/* Begin PBXSourcesBuildPhase section */
		9B3911542B3025D600D37A5F /* Sources */ = {
			isa = PBXSourcesBuildPhase;
			buildActionMask = 2147483647;
			files = (
				9B5B9DC82B450E0C0045867B /* UIApplication.swift in Sources */,
				9B5B9DDF2B450FA40045867B /* LocalFileManager.swift in Sources */,
				9BB61FB42B46F9CB006A274E /* HomeStatsView.swift in Sources */,
				9BB61FAF2B46F498006A274E /* CoinRowView.swift in Sources */,
				9B39115E2B3025D600D37A5F /* ContentView.swift in Sources */,
				9B5B9DCC2B450E220045867B /* SparklineIn7D.swift in Sources */,
				9B5B9E0A2B4511AB0045867B /* MarketDataService.swift in Sources */,
				9B5B9E112B4561BF0045867B /* CoinLogoView.swift in Sources */,
				9B5B9DF82B4511680045867B /* CircleButtonView.swift in Sources */,
				9B5B9DF92B4511680045867B /* CircleButtonAnimationView.swift in Sources */,
				9B39115C2B3025D600D37A5F /* CryptoAppApp.swift in Sources */,
				9B5B9DCD2B450E220045867B /* StatisticModel.swift in Sources */,
				9B39116B2B302CB900D37A5F /* Color.swift in Sources */,
				9B5B9E082B4511AB0045867B /* CoinDataService.swift in Sources */,
				9B5B9DEE2B45114C0045867B /* StatisticView.swift in Sources */,
				9B39117E2B30893600D37A5F /* PreviewProvider.swift in Sources */,
				9B5B9E0F2B451BA20045867B /* XMarkButton.swift in Sources */,
				9B3911802B308E3D00D37A5F /* Double.swift in Sources */,
				9B5B9DEC2B4511360045867B /* SearchBarView.swift in Sources */,
				9B5B9DF42B4511580045867B /* CoinImageViewModel.swift in Sources */,
				9B5B9DF32B4511580045867B /* CoinImageView.swift in Sources */,
				9B5B9DCE2B450E220045867B /* MarketDataModel.swift in Sources */,
				9BB61FB22B46F4A4006A274E /* HomeViewModel.swift in Sources */,
				9BB61FB62B46FCD4006A274E /* PortfolioView.swift in Sources */,
				9B39117A2B304BB100D37A5F /* CoinModel.swift in Sources */,
				9BB61FB82B4702D4006A274E /* PortfolioViewModel.swift in Sources */,
				9BB61FAE2B46F498006A274E /* HomeView.swift in Sources */,
				9B5B9E092B4511AB0045867B /* CoinImageService.swift in Sources */,
				9B5B9DE02B450FA40045867B /* ServiceManager.swift in Sources */,
			);
			runOnlyForDeploymentPostprocessing = 0;
		};
/* End PBXSourcesBuildPhase section */

/* Begin XCBuildConfiguration section */
		9B3911642B3025D900D37A5F /* Debug */ = {
			isa = XCBuildConfiguration;
			buildSettings = {
				ALWAYS_SEARCH_USER_PATHS = NO;
				ASSETCATALOG_COMPILER_GENERATE_SWIFT_ASSET_SYMBOL_EXTENSIONS = YES;
				CLANG_ANALYZER_NONNULL = YES;
				CLANG_ANALYZER_NUMBER_OBJECT_CONVERSION = YES_AGGRESSIVE;
				CLANG_CXX_LANGUAGE_STANDARD = "gnu++20";
				CLANG_ENABLE_MODULES = YES;
				CLANG_ENABLE_OBJC_ARC = YES;
				CLANG_ENABLE_OBJC_WEAK = YES;
				CLANG_WARN_BLOCK_CAPTURE_AUTORELEASING = YES;
				CLANG_WARN_BOOL_CONVERSION = YES;
				CLANG_WARN_COMMA = YES;
				CLANG_WARN_CONSTANT_CONVERSION = YES;
				CLANG_WARN_DEPRECATED_OBJC_IMPLEMENTATIONS = YES;
				CLANG_WARN_DIRECT_OBJC_ISA_USAGE = YES_ERROR;
				CLANG_WARN_DOCUMENTATION_COMMENTS = YES;
				CLANG_WARN_EMPTY_BODY = YES;
				CLANG_WARN_ENUM_CONVERSION = YES;
				CLANG_WARN_INFINITE_RECURSION = YES;
				CLANG_WARN_INT_CONVERSION = YES;
				CLANG_WARN_NON_LITERAL_NULL_CONVERSION = YES;
				CLANG_WARN_OBJC_IMPLICIT_RETAIN_SELF = YES;
				CLANG_WARN_OBJC_LITERAL_CONVERSION = YES;
				CLANG_WARN_OBJC_ROOT_CLASS = YES_ERROR;
				CLANG_WARN_QUOTED_INCLUDE_IN_FRAMEWORK_HEADER = YES;
				CLANG_WARN_RANGE_LOOP_ANALYSIS = YES;
				CLANG_WARN_STRICT_PROTOTYPES = YES;
				CLANG_WARN_SUSPICIOUS_MOVE = YES;
				CLANG_WARN_UNGUARDED_AVAILABILITY = YES_AGGRESSIVE;
				CLANG_WARN_UNREACHABLE_CODE = YES;
				CLANG_WARN__DUPLICATE_METHOD_MATCH = YES;
				COPY_PHASE_STRIP = NO;
				DEBUG_INFORMATION_FORMAT = dwarf;
				ENABLE_STRICT_OBJC_MSGSEND = YES;
				ENABLE_TESTABILITY = YES;
				ENABLE_USER_SCRIPT_SANDBOXING = YES;
				GCC_C_LANGUAGE_STANDARD = gnu17;
				GCC_DYNAMIC_NO_PIC = NO;
				GCC_NO_COMMON_BLOCKS = YES;
				GCC_OPTIMIZATION_LEVEL = 0;
				GCC_PREPROCESSOR_DEFINITIONS = (
					"DEBUG=1",
					"$(inherited)",
				);
				GCC_WARN_64_TO_32_BIT_CONVERSION = YES;
				GCC_WARN_ABOUT_RETURN_TYPE = YES_ERROR;
				GCC_WARN_UNDECLARED_SELECTOR = YES;
				GCC_WARN_UNINITIALIZED_AUTOS = YES_AGGRESSIVE;
				GCC_WARN_UNUSED_FUNCTION = YES;
				GCC_WARN_UNUSED_VARIABLE = YES;
				IPHONEOS_DEPLOYMENT_TARGET = 17.0;
				LOCALIZATION_PREFERS_STRING_CATALOGS = YES;
				MTL_ENABLE_DEBUG_INFO = INCLUDE_SOURCE;
				MTL_FAST_MATH = YES;
				ONLY_ACTIVE_ARCH = YES;
				SDKROOT = iphoneos;
				SWIFT_ACTIVE_COMPILATION_CONDITIONS = "DEBUG $(inherited)";
				SWIFT_OPTIMIZATION_LEVEL = "-Onone";
			};
			name = Debug;
		};
		9B3911652B3025D900D37A5F /* Release */ = {
			isa = XCBuildConfiguration;
			buildSettings = {
				ALWAYS_SEARCH_USER_PATHS = NO;
				ASSETCATALOG_COMPILER_GENERATE_SWIFT_ASSET_SYMBOL_EXTENSIONS = YES;
				CLANG_ANALYZER_NONNULL = YES;
				CLANG_ANALYZER_NUMBER_OBJECT_CONVERSION = YES_AGGRESSIVE;
				CLANG_CXX_LANGUAGE_STANDARD = "gnu++20";
				CLANG_ENABLE_MODULES = YES;
				CLANG_ENABLE_OBJC_ARC = YES;
				CLANG_ENABLE_OBJC_WEAK = YES;
				CLANG_WARN_BLOCK_CAPTURE_AUTORELEASING = YES;
				CLANG_WARN_BOOL_CONVERSION = YES;
				CLANG_WARN_COMMA = YES;
				CLANG_WARN_CONSTANT_CONVERSION = YES;
				CLANG_WARN_DEPRECATED_OBJC_IMPLEMENTATIONS = YES;
				CLANG_WARN_DIRECT_OBJC_ISA_USAGE = YES_ERROR;
				CLANG_WARN_DOCUMENTATION_COMMENTS = YES;
				CLANG_WARN_EMPTY_BODY = YES;
				CLANG_WARN_ENUM_CONVERSION = YES;
				CLANG_WARN_INFINITE_RECURSION = YES;
				CLANG_WARN_INT_CONVERSION = YES;
				CLANG_WARN_NON_LITERAL_NULL_CONVERSION = YES;
				CLANG_WARN_OBJC_IMPLICIT_RETAIN_SELF = YES;
				CLANG_WARN_OBJC_LITERAL_CONVERSION = YES;
				CLANG_WARN_OBJC_ROOT_CLASS = YES_ERROR;
				CLANG_WARN_QUOTED_INCLUDE_IN_FRAMEWORK_HEADER = YES;
				CLANG_WARN_RANGE_LOOP_ANALYSIS = YES;
				CLANG_WARN_STRICT_PROTOTYPES = YES;
				CLANG_WARN_SUSPICIOUS_MOVE = YES;
				CLANG_WARN_UNGUARDED_AVAILABILITY = YES_AGGRESSIVE;
				CLANG_WARN_UNREACHABLE_CODE = YES;
				CLANG_WARN__DUPLICATE_METHOD_MATCH = YES;
				COPY_PHASE_STRIP = NO;
				DEBUG_INFORMATION_FORMAT = "dwarf-with-dsym";
				ENABLE_NS_ASSERTIONS = NO;
				ENABLE_STRICT_OBJC_MSGSEND = YES;
				ENABLE_USER_SCRIPT_SANDBOXING = YES;
				GCC_C_LANGUAGE_STANDARD = gnu17;
				GCC_NO_COMMON_BLOCKS = YES;
				GCC_WARN_64_TO_32_BIT_CONVERSION = YES;
				GCC_WARN_ABOUT_RETURN_TYPE = YES_ERROR;
				GCC_WARN_UNDECLARED_SELECTOR = YES;
				GCC_WARN_UNINITIALIZED_AUTOS = YES_AGGRESSIVE;
				GCC_WARN_UNUSED_FUNCTION = YES;
				GCC_WARN_UNUSED_VARIABLE = YES;
				IPHONEOS_DEPLOYMENT_TARGET = 17.0;
				LOCALIZATION_PREFERS_STRING_CATALOGS = YES;
				MTL_ENABLE_DEBUG_INFO = NO;
				MTL_FAST_MATH = YES;
				SDKROOT = iphoneos;
				SWIFT_COMPILATION_MODE = wholemodule;
				VALIDATE_PRODUCT = YES;
			};
			name = Release;
		};
		9B3911672B3025D900D37A5F /* Debug */ = {
			isa = XCBuildConfiguration;
			buildSettings = {
				ASSETCATALOG_COMPILER_APPICON_NAME = AppIcon;
				ASSETCATALOG_COMPILER_GLOBAL_ACCENT_COLOR_NAME = AccentColor;
				CODE_SIGN_STYLE = Automatic;
				CURRENT_PROJECT_VERSION = 1;
				DEVELOPMENT_ASSET_PATHS = "\"CryptoApp/Preview Content\"";
				DEVELOPMENT_TEAM = 6BD73LNNS6;
				ENABLE_PREVIEWS = YES;
				GENERATE_INFOPLIST_FILE = YES;
				INFOPLIST_KEY_CFBundleDisplayName = "Crypto Tracker";
				INFOPLIST_KEY_UIApplicationSceneManifest_Generation = YES;
				INFOPLIST_KEY_UIApplicationSupportsIndirectInputEvents = YES;
				INFOPLIST_KEY_UILaunchScreen_Generation = YES;
				INFOPLIST_KEY_UISupportedInterfaceOrientations = UIInterfaceOrientationPortrait;
				LD_RUNPATH_SEARCH_PATHS = (
					"$(inherited)",
					"@executable_path/Frameworks",
				);
				MARKETING_VERSION = 1.0;
				PRODUCT_BUNDLE_IDENTIFIER = com.anisazahra.CryptoApp;
				PRODUCT_NAME = "$(TARGET_NAME)";
				SWIFT_EMIT_LOC_STRINGS = YES;
				SWIFT_VERSION = 5.0;
				TARGETED_DEVICE_FAMILY = "1,2";
			};
			name = Debug;
		};
		9B3911682B3025D900D37A5F /* Release */ = {
			isa = XCBuildConfiguration;
			buildSettings = {
				ASSETCATALOG_COMPILER_APPICON_NAME = AppIcon;
				ASSETCATALOG_COMPILER_GLOBAL_ACCENT_COLOR_NAME = AccentColor;
				CODE_SIGN_STYLE = Automatic;
				CURRENT_PROJECT_VERSION = 1;
				DEVELOPMENT_ASSET_PATHS = "\"CryptoApp/Preview Content\"";
				DEVELOPMENT_TEAM = 6BD73LNNS6;
				ENABLE_PREVIEWS = YES;
				GENERATE_INFOPLIST_FILE = YES;
				INFOPLIST_KEY_CFBundleDisplayName = "Crypto Tracker";
				INFOPLIST_KEY_UIApplicationSceneManifest_Generation = YES;
				INFOPLIST_KEY_UIApplicationSupportsIndirectInputEvents = YES;
				INFOPLIST_KEY_UILaunchScreen_Generation = YES;
				INFOPLIST_KEY_UISupportedInterfaceOrientations = UIInterfaceOrientationPortrait;
				LD_RUNPATH_SEARCH_PATHS = (
					"$(inherited)",
					"@executable_path/Frameworks",
				);
				MARKETING_VERSION = 1.0;
				PRODUCT_BUNDLE_IDENTIFIER = com.anisazahra.CryptoApp;
				PRODUCT_NAME = "$(TARGET_NAME)";
				SWIFT_EMIT_LOC_STRINGS = YES;
				SWIFT_VERSION = 5.0;
				TARGETED_DEVICE_FAMILY = "1,2";
			};
			name = Release;
		};
/* End XCBuildConfiguration section */

/* Begin XCConfigurationList section */
		9B3911532B3025D600D37A5F /* Build configuration list for PBXProject "CryptoApp" */ = {
			isa = XCConfigurationList;
			buildConfigurations = (
				9B3911642B3025D900D37A5F /* Debug */,
				9B3911652B3025D900D37A5F /* Release */,
			);
			defaultConfigurationIsVisible = 0;
			defaultConfigurationName = Release;
		};
		9B3911662B3025D900D37A5F /* Build configuration list for PBXNativeTarget "CryptoApp" */ = {
			isa = XCConfigurationList;
			buildConfigurations = (
				9B3911672B3025D900D37A5F /* Debug */,
				9B3911682B3025D900D37A5F /* Release */,
			);
			defaultConfigurationIsVisible = 0;
			defaultConfigurationName = Release;
		};
/* End XCConfigurationList section */
	};
	rootObject = 9B3911502B3025D600D37A5F /* Project object */;
}
